{
  "version": 1,
  "dependencies": {
    "net8.0": {
      "System.Formats.Nrbf": {
        "type": "Direct",
        "requested": "[10.0.0, )",
        "resolved": "10.0.0",
        "contentHash": "WdNPqwn+uhmjZQUpFzfM89yJ43uknaVnAO31xUcKPVGYViXt+/PST2gnebbX/csnjp/d/JWPvUwCRKNO75tjoQ==",
        "dependencies": {
          "System.Reflection.Metadata": "10.0.0"
        }
      },
      "System.Reflection.Metadata": {
        "type": "Direct",
        "requested": "[10.0.0, )",
        "resolved": "10.0.0",
        "contentHash": "sMORylY+HmERA41BDGyi5fq1FjUFwwOTgCjcWhkkdb7c9jVLgFQP6xBWdbF2vRpjs0Igy5kvMAkvN9ml3QPS1g==",
        "dependencies": {
          "System.Collections.Immutable": "10.0.0"
        }
      },
      "Microsoft.Win32.SystemEvents": {
        "type": "Transitive",
        "resolved": "8.0.0",
        "contentHash": "9opKRyOKMCi2xJ7Bj7kxtZ1r9vbzosMvRrdEhVhDz8j8MoBGgB+WmC94yH839NPH+BclAjtQ/pyagvi/8gDLkw=="
      },
      "System.Collections.Immutable": {
        "type": "Transitive",
        "resolved": "10.0.0",
        "contentHash": "BHo23kBFvTFQa0tuDFXcb3Q8QInjm1Xrq+If/xuV8iMlxOOsylsa6sgRK25n5dlcMk8G2f0O/t5AdjZrdVBOXA=="
      },
      "System.Drawing.Common": {
        "type": "Transitive",
        "resolved": "8.0.28",
        "contentHash": "1w0El5UNX2w8YJZoCMwDfGFzt+S+G1OjZdmQFocAA+XVs3sUuxtbpEdQsJdhEbEOurrLq008eUON2DEZWPBMHg==",
        "dependencies": {
          "Microsoft.Win32.SystemEvents": "8.0.0"
        }
      },
      "paintdotnet.base": {
        "type": "Project"
      },
      "paintdotnet.core": {
        "type": "Project"
      },
      "paintdotnet.data": {
        "type": "Project",
        "dependencies": {
          "PaintDotNet.Core": "[1.0.0, )"
        }
      },
      "paintdotnet.effects": {
        "type": "Project",
        "dependencies": {
          "PaintDotNet.Base": "[1.0.0, )",
          "PaintDotNet.Core": "[1.0.0, )",
          "System.Drawing.Common": "[8.0.28, )"
        }
      }
    },
    "net8.0/linux-x64": {
      "Microsoft.Win32.SystemEvents": {
        "type": "Transitive",
        "resolved": "8.0.0",
        "contentHash": "9opKRyOKMCi2xJ7Bj7kxtZ1r9vbzosMvRrdEhVhDz8j8MoBGgB+WmC94yH839NPH+BclAjtQ/pyagvi/8gDLkw=="
      }
    },
    "net8.0/osx-arm64": {
      "Microsoft.Win32.SystemEvents": {
        "type": "Transitive",
        "resolved": "8.0.0",
        "contentHash": "9opKRyOKMCi2xJ7Bj7kxtZ1r9vbzosMvRrdEhVhDz8j8MoBGgB+WmC94yH839NPH+BclAjtQ/pyagvi/8gDLkw=="
      }
    },
    "net8.0/osx-x64": {
      "Microsoft.Win32.SystemEvents": {
        "type": "Transitive",
        "resolved": "8.0.0",
        "contentHash": "9opKRyOKMCi2xJ7Bj7kxtZ1r9vbzosMvRrdEhVhDz8j8MoBGgB+WmC94yH839NPH+BclAjtQ/pyagvi/8gDLkw=="
      }
    },
    "net8.0/win-x64": {
      "Microsoft.Win32.SystemEvents": {
        "type": "Transitive",
        "resolved": "8.0.0",
        "contentHash": "9opKRyOKMCi2xJ7Bj7kxtZ1r9vbzosMvRrdEhVhDz8j8MoBGgB+WmC94yH839NPH+BclAjtQ/pyagvi/8gDLkw=="
      }
    }
  }
}